
Microsoft Visual Studio Solution File, Format Version 12.00
# Visual Studio Version 17
VisualStudioVersion = 17.10.35122.118
MinimumVisualStudioVersion = 10.0.40219.1
Project("{F184B08F-C81C-45F6-A57F-5ABD9991F28F}") = "MiWinMacroRD", "MiWinMacroRD.vbproj", "{E14EC5B9-B8FD-460C-A324-A3D88879E4DC}"
EndProject
Global
	GlobalSection(SolutionConfigurationPlatforms) = preSolution
		Debug|Any CPU = Debug|Any CPU
		Release|Any CPU = Release|Any CPU
	EndGlobalSection
	GlobalSection(ProjectConfigurationPlatforms) = postSolution
		{E14EC5B9-B8FD-460C-A324-A3D88879E4DC}.Debug|Any CPU.ActiveCfg = Debug|Any CPU
		{E14EC5B9-B8FD-460C-A324-A3D88879E4DC}.Debug|Any CPU.Build.0 = Debug|Any CPU
		{E14EC5B9-B8FD-460C-A324-A3D88879E4DC}.Release|Any CPU.ActiveCfg = Release|Any CPU
		{E14EC5B9-B8FD-460C-A324-A3D88879E4DC}.Release|Any CPU.Build.0 = Release|Any CPU
	EndGlobalSection
	GlobalSection(SolutionProperties) = preSolution
		HideSolutionNode = FALSE
	EndGlobalSection
	GlobalSection(ExtensibilityGlobals) = postSolution
		SolutionGuid = {EA7D5645-8888-47FF-829D-FF4D5A752D2D}
	EndGlobalSection
EndGlobal
